
Microsoft Visual Studio Solution File, Format Version 12.00
# Visual Studio Version 17
VisualStudioVersion = 17.14.36221.1 d17.14
MinimumVisualStudioVersion = 10.0.40219.1
Project("{FAE04EC0-301F-11D3-BF4B-00C04F79EFBC}") = "PR4", "PR4\PR4.csproj", "{6AD847C1-4E26-4DEF-AC14-088F393ECF56}"
EndProject
Global
	GlobalSection(SolutionConfigurationPlatforms) = preSolution
		Debug|Any CPU = Debug|Any CPU
		Release|Any CPU = Release|Any CPU
	EndGlobalSection
	GlobalSection(ProjectConfigurationPlatforms) = postSolution
		{6AD847C1-4E26-4DEF-AC14-088F393ECF56}.Debug|Any CPU.ActiveCfg = Debug|Any CPU
		{6AD847C1-4E26-4DEF-AC14-088F393ECF56}.Debug|Any CPU.Build.0 = Debug|Any CPU
		{6AD847C1-4E26-4DEF-AC14-088F393ECF56}.Release|Any CPU.ActiveCfg = Release|Any CPU
		{6AD847C1-4E26-4DEF-AC14-088F393ECF56}.Release|Any CPU.Build.0 = Release|Any CPU
	EndGlobalSection
	GlobalSection(SolutionProperties) = preSolution
		HideSolutionNode = FALSE
	EndGlobalSection
	GlobalSection(ExtensibilityGlobals) = postSolution
		SolutionGuid = {868A3A43-4E38-4790-B9F3-0DD7D893964F}
	EndGlobalSection
EndGlobal
